hash: b648bebd96d56bfdcc81681b318ef12f3339b8d8292fd3b4b883d04d92849996
updated: 2017-05-31T10:59:34.86543535+02:00
imports:
- name: github.com/apparentlymart/go-cidr
  version: 7e4b007599d4e2076d9a81be723b3912852dda2c
  subpackages:
  - cidr
- name: github.com/aws/aws-sdk-go
  version: ddfd17ec06eee10c24c5c474633273fd034afdda
  subpackages:
  - aws
  - aws/awserr
  - aws/awsutil
  - aws/client
  - aws/client/metadata
  - aws/corehandlers
  - aws/credentials
  - aws/credentials/ec2rolecreds
  - aws/credentials/endpointcreds
  - aws/credentials/stscreds
  - aws/defaults
  - aws/ec2metadata
  - aws/request
  - aws/session
  - aws/signer/v4
  - private/endpoints
  - private/protocol
  - private/protocol/ec2query
  - private/protocol/query
  - private/protocol/query/queryutil
  - private/protocol/rest
  - private/protocol/restxml
  - private/protocol/xml/xmlutil
  - private/waiter
  - service/ec2
  - service/s3
  - service/sts
- name: github.com/Azure/azure-sdk-for-go
  version: 91f3d4a4d024e3c0d4d9412916d05cf84504a616
  subpackages:
  - arm/compute
  - arm/network
  - arm/resources/resources
  - arm/resources/subscriptions
  - arm/storage
  - storage
- name: github.com/Azure/go-autorest
  version: 0781901f19f1e7db3034d97ec57af753db0bf808
  subpackages:
  - autorest
  - autorest/azure
  - autorest/date
  - autorest/to
  - autorest/validation
- name: github.com/bgentry/go-netrc
  version: 9fd32a8b3d3d3f9d43c341bfe098430e07609480
  subpackages:
  - netrc
- name: github.com/bugsnag/bugsnag-go
  version: 02e952891c52fbcb15f113d90633897355783b6e
  subpackages:
  - errors
- name: github.com/bugsnag/osext
  version: 0dd3f918b21bec95ace9dc86c7e70266cfc5c702
- name: github.com/bugsnag/panicwrap
  version: aceac81c6e2f55f23844821679a0553b545e91df
- name: github.com/cenkalti/backoff
  version: 9831e1e25c874e0a0601b6dc43641071414eec7a
- name: github.com/dgrijalva/jwt-go
  version: 24c63f56522a87ec5339cc3567883f1039378fdb
- name: github.com/digitalocean/godo
  version: d59ed2fe842bbb3cbee91c9df8bb7659dc9ee86f
- name: github.com/docker/docker
  version: a8a31eff10544860d2188dddabdee4d727545796
  subpackages:
  - pkg/term
- name: github.com/docker/go-units
  version: 0bbddae09c5a5419a8c6dcdd7ff90da3d450393b
- name: github.com/docker/machine
  version: 5b274558ea6ca822c06dd407a4e774a0105c3f60
  subpackages:
  - commands/mcndirs
  - drivers/amazonec2
  - drivers/azure
  - drivers/azure/azureutil
  - drivers/azure/logutil
  - drivers/digitalocean
  - drivers/driverutil
  - drivers/errdriver
  - drivers/exoscale
  - drivers/generic
  - drivers/google
  - drivers/hyperv
  - drivers/none
  - drivers/openstack
  - drivers/rackspace
  - drivers/softlayer
  - drivers/virtualbox
  - drivers/vmwarefusion
  - drivers/vmwarevcloudair
  - drivers/vmwarevsphere
  - libmachine
  - libmachine/auth
  - libmachine/cert
  - libmachine/check
  - libmachine/crashreport
  - libmachine/drivers
  - libmachine/drivers/plugin
  - libmachine/drivers/plugin/localbinary
  - libmachine/drivers/rpc
  - libmachine/engine
  - libmachine/host
  - libmachine/log
  - libmachine/mcndockerclient
  - libmachine/mcnerror
  - libmachine/mcnflag
  - libmachine/mcnutils
  - libmachine/persist
  - libmachine/provision
  - libmachine/provision/pkgaction
  - libmachine/provision/serviceaction
  - libmachine/shell
  - libmachine/ssh
  - libmachine/state
  - libmachine/swarm
  - libmachine/version
  - libmachine/versioncmp
  - version
- name: github.com/go-ini/ini
  version: 03e0e7d51a13a91c765d8d0161246bc14a38001a
- name: github.com/golang/protobuf
  version: 3c84672111d91bb5ac31719e112f9f7126a0e26e
  subpackages:
  - proto
- name: github.com/google/go-querystring
  version: 30f7a39f4a218feb5325f3aebc60c32a572a8274
  subpackages:
  - query
- name: github.com/hashicorp/errwrap
  version: 7554cd9344cec97297fa6649b055a8c98c2a1e55
- name: github.com/hashicorp/go-getter
  version: 90b6568eac830f62a08e8f1f46375daa63e57015
  subpackages:
  - helper/url
- name: github.com/hashicorp/go-multierror
  version: ed905158d87462226a13fe39ddf685ea65f1c11f
- name: github.com/hashicorp/go-plugin
  version: b7d6477501c13292d71fd3b8e688269e51b028ba
- name: github.com/hashicorp/go-uuid
  version: 64130c7a86d732268a38cb04cfbaf0cc987fda98
- name: github.com/hashicorp/go-version
  version: 03c5bf6be031b6dd45afec16b1cf94fc8938bc77
- name: github.com/hashicorp/hcl
  version: 392dba7d905ed5d04a5794ba89f558b27e2ba1ca
  subpackages:
  - hcl/ast
  - hcl/parser
  - hcl/scanner
  - hcl/strconv
  - hcl/token
  - json/parser
  - json/scanner
  - json/token
- name: github.com/hashicorp/hil
  version: fac2259da677551de1fb92b844c4d020a38d8468
  subpackages:
  - ast
  - parser
  - scanner
- name: github.com/hashicorp/terraform
  version: b00d6f47cf22c27231b36684f7feb225c8d5ae3d
  subpackages:
  - config
  - config/module
  - dag
  - flatmap
  - helper/experiment
  - helper/hashcode
  - helper/hilmapstructure
  - helper/schema
  - helper/shadow
  - helper/structure
  - helper/validation
  - plugin
  - terraform
- name: github.com/hashicorp/yamux
  version: d1caa6c97c9fc1cc9e83bbe34d0603f9ff0ce8bd
- name: github.com/jmespath/go-jmespath
  version: 3433f3ea46d9f8019119e7dd41274e112a2359a9
- name: github.com/mitchellh/copystructure
  version: d23ffcb85de31694d6ccaa23ccb4a03e55c1303f
- name: github.com/mitchellh/go-homedir
  version: b8bc1bf767474819792c23f32d8286a45736f1c6
- name: github.com/mitchellh/go-testing-interface
  version: 477c2d05a845d8b55912a5a7993b9b24abcc5ef8
- name: github.com/mitchellh/hashstructure
  version: 9204ce590301a868e3e86938bc12eadd416b211e
- name: github.com/mitchellh/mapstructure
  version: 740c764bc6149d3f1806231418adb9f52c11bcbf
- name: github.com/mitchellh/reflectwalk
  version: 8d802ff4ae93611b807597f639c19f76074df5c6
- name: github.com/pyr/egoscale
  version: 906e88e3bb9cf8c559e45e248db1d09578acf47f
  subpackages:
  - src/egoscale
- name: github.com/rackspace/gophercloud
  version: ce0f487f6747ab43c4e4404722df25349385bebd
  subpackages:
  - openstack
  - openstack/compute/v2/extensions/floatingip
  - openstack/compute/v2/extensions/keypairs
  - openstack/compute/v2/extensions/startstop
  - openstack/compute/v2/flavors
  - openstack/compute/v2/images
  - openstack/compute/v2/servers
  - openstack/identity/v2/tenants
  - openstack/identity/v2/tokens
  - openstack/identity/v3/tokens
  - openstack/networking/v2/extensions/layer3/floatingips
  - openstack/networking/v2/networks
  - openstack/networking/v2/ports
  - openstack/utils
  - pagination
  - rackspace
  - rackspace/identity/v2/tokens
  - testhelper
  - testhelper/client
- name: github.com/samalba/dockerclient
  version: f661dd4754aa5c52da85d04b5871ee0e11f4b59c
- name: github.com/satori/go.uuid
  version: 5bf94b69c6b68ee1b541973bb8e1144db23a194b
- name: github.com/tent/http-link-go
  version: ac974c61c2f990f4115b119354b5e0b47550e888
- name: github.com/vmware/govcloudair
  version: 66a23eaabc61518f91769939ff541886fe1dceef
  subpackages:
  - types/v56
- name: github.com/vmware/govmomi
  version: 9051bd6b44125d9472e0c148b5965692ab283d4a
  subpackages:
  - find
  - guest
  - list
  - object
  - property
  - session
  - task
  - vim25
  - vim25/debug
  - vim25/methods
  - vim25/mo
  - vim25/progress
  - vim25/soap
  - vim25/types
  - vim25/xml
- name: golang.org/x/crypto
  version: beef0f4390813b96e8e68fd78570396d0f4751fc
  subpackages:
  - bcrypt
  - blowfish
  - curve25519
  - ssh
  - ssh/terminal
- name: golang.org/x/net
  version: 4f2fc6c1e69d41baf187332ee08fbd2b296f21ed
  subpackages:
  - context
  - context/ctxhttp
- name: golang.org/x/oauth2
  version: 442624c9ec9243441e83b374a9e22ac549b5c51d
  subpackages:
  - google
  - internal
  - jws
  - jwt
- name: golang.org/x/sys
  version: d9157a9621b69ad1d8d77a1933590c416593f24f
  subpackages:
  - windows/registry
- name: google.golang.org/api
  version: 030d584ade5f79aa2ed0ce067e8f7da50c9a10d5
  subpackages:
  - compute/v1
  - gensupport
  - googleapi
  - googleapi/internal/uritemplates
- name: google.golang.org/appengine
  version: 6a436539be38c296a8075a871cc536686b458371
  subpackages:
  - internal
  - internal/app_identity
  - internal/base
  - internal/datastore
  - internal/log
  - internal/modules
  - internal/remote_api
  - internal/urlfetch
  - urlfetch
- name: google.golang.org/cloud
  version: 975617b05ea8a58727e6c1a06b6161ff4185a9f2
  subpackages:
  - compute/metadata
  - internal
testImports: []
